
Microsoft Visual Studio Solution File, Format Version 12.00
# Visual Studio Version 17
VisualStudioVersion = 17.8.34322.80
MinimumVisualStudioVersion = 10.0.40219.1
Project("{9A19103F-16F7-4668-BE54-9A1E7A4F7556}") = "PasswordManager.Server", "Server\PasswordManager.Server.csproj", "{87991763-7240-4DC0-9169-5DE69D0FD4AE}"
EndProject
Project("{9A19103F-16F7-4668-BE54-9A1E7A4F7556}") = "PasswordManager.Client", "Client\PasswordManager.Client.csproj", "{2A306173-80F2-40F3-9954-96E05069F4C3}"
EndProject
Project("{9A19103F-16F7-4668-BE54-9A1E7A4F7556}") = "PasswordManager.Shared", "Shared\PasswordManager.Shared.csproj", "{6E1F3DD4-5B21-4922-A884-64469569773C}"
EndProject
Project("{9A19103F-16F7-4668-BE54-9A1E7A4F7556}") = "PasswordManager.Domain", "Domain\PasswordManager.Domain.csproj", "{4E3342C6-E236-4AAA-A646-19FA9B16625C}"
EndProject
Project("{9A19103F-16F7-4668-BE54-9A1E7A4F7556}") = "PasswordManager.Infrastracture", "Infrastracture\PasswordManager.Infrastracture.csproj", "{59DA2EB7-5FE2-41E3-BA2A-A125270E44FB}"
EndProject
Project("{9A19103F-16F7-4668-BE54-9A1E7A4F7556}") = "PasswordManager.Application", "Application\PasswordManager.Application.csproj", "{D22D87A3-4492-4125-A7F9-667BA15DD4C2}"
EndProject
Global
	GlobalSection(SolutionConfigurationPlatforms) = preSolution
		Debug|Any CPU = Debug|Any CPU
		Release|Any CPU = Release|Any CPU
	EndGlobalSection
	GlobalSection(ProjectConfigurationPlatforms) = postSolution
		{87991763-7240-4DC0-9169-5DE69D0FD4AE}.Debug|Any CPU.ActiveCfg = Debug|Any CPU
		{87991763-7240-4DC0-9169-5DE69D0FD4AE}.Debug|Any CPU.Build.0 = Debug|Any CPU
		{87991763-7240-4DC0-9169-5DE69D0FD4AE}.Release|Any CPU.ActiveCfg = Release|Any CPU
		{87991763-7240-4DC0-9169-5DE69D0FD4AE}.Release|Any CPU.Build.0 = Release|Any CPU
		{2A306173-80F2-40F3-9954-96E05069F4C3}.Debug|Any CPU.ActiveCfg = Debug|Any CPU
		{2A306173-80F2-40F3-9954-96E05069F4C3}.Debug|Any CPU.Build.0 = Debug|Any CPU
		{2A306173-80F2-40F3-9954-96E05069F4C3}.Release|Any CPU.ActiveCfg = Release|Any CPU
		{2A306173-80F2-40F3-9954-96E05069F4C3}.Release|Any CPU.Build.0 = Release|Any CPU
		{6E1F3DD4-5B21-4922-A884-64469569773C}.Debug|Any CPU.ActiveCfg = Debug|Any CPU
		{6E1F3DD4-5B21-4922-A884-64469569773C}.Debug|Any CPU.Build.0 = Debug|Any CPU
		{6E1F3DD4-5B21-4922-A884-64469569773C}.Release|Any CPU.ActiveCfg = Release|Any CPU
		{6E1F3DD4-5B21-4922-A884-64469569773C}.Release|Any CPU.Build.0 = Release|Any CPU
		{4E3342C6-E236-4AAA-A646-19FA9B16625C}.Debug|Any CPU.ActiveCfg = Debug|Any CPU
		{4E3342C6-E236-4AAA-A646-19FA9B16625C}.Debug|Any CPU.Build.0 = Debug|Any CPU
		{4E3342C6-E236-4AAA-A646-19FA9B16625C}.Release|Any CPU.ActiveCfg = Release|Any CPU
		{4E3342C6-E236-4AAA-A646-19FA9B16625C}.Release|Any CPU.Build.0 = Release|Any CPU
		{59DA2EB7-5FE2-41E3-BA2A-A125270E44FB}.Debug|Any CPU.ActiveCfg = Debug|Any CPU
		{59DA2EB7-5FE2-41E3-BA2A-A125270E44FB}.Debug|Any CPU.Build.0 = Debug|Any CPU
		{59DA2EB7-5FE2-41E3-BA2A-A125270E44FB}.Release|Any CPU.ActiveCfg = Release|Any CPU
		{59DA2EB7-5FE2-41E3-BA2A-A125270E44FB}.Release|Any CPU.Build.0 = Release|Any CPU
		{D22D87A3-4492-4125-A7F9-667BA15DD4C2}.Debug|Any CPU.ActiveCfg = Debug|Any CPU
		{D22D87A3-4492-4125-A7F9-667BA15DD4C2}.Debug|Any CPU.Build.0 = Debug|Any CPU
		{D22D87A3-4492-4125-A7F9-667BA15DD4C2}.Release|Any CPU.ActiveCfg = Release|Any CPU
		{D22D87A3-4492-4125-A7F9-667BA15DD4C2}.Release|Any CPU.Build.0 = Release|Any CPU
	EndGlobalSection
	GlobalSection(SolutionProperties) = preSolution
		HideSolutionNode = FALSE
	EndGlobalSection
	GlobalSection(ExtensibilityGlobals) = postSolution
		SolutionGuid = {F1AC90A8-A6E8-4DFE-9717-E9C270E3120D}
	EndGlobalSection
EndGlobal
